
Microsoft Visual Studio Solution File, Format Version 12.00
# Visual Studio Version 16
VisualStudioVersion = 16.0.31019.35
MinimumVisualStudioVersion = 10.0.40219.1
Project("{FAE04EC0-301F-11D3-BF4B-00C04F79EFBC}") = "formeventProject", "formeventProject\formeventProject.csproj", "{D1338294-66EA-4BC6-8532-E6C43A47A720}"
EndProject
Project("{FAE04EC0-301F-11D3-BF4B-00C04F79EFBC}") = "NotepadAPP", "NotepadAPP\NotepadAPP.csproj", "{F2932EFC-C204-49FF-8985-943DFDB11E9A}"
EndProject
Project("{FAE04EC0-301F-11D3-BF4B-00C04F79EFBC}") = "LocationAndPoint", "LocationAndPoint\LocationAndPoint.csproj", "{FAB5DD1A-D788-4651-93C4-A3393A85C3C2}"
EndProject
Global
	GlobalSection(SolutionConfigurationPlatforms) = preSolution
		Debug|Any CPU = Debug|Any CPU
		Release|Any CPU = Release|Any CPU
	EndGlobalSection
	GlobalSection(ProjectConfigurationPlatforms) = postSolution
		{D1338294-66EA-4BC6-8532-E6C43A47A720}.Debug|Any CPU.ActiveCfg = Debug|Any CPU
		{D1338294-66EA-4BC6-8532-E6C43A47A720}.Debug|Any CPU.Build.0 = Debug|Any CPU
		{D1338294-66EA-4BC6-8532-E6C43A47A720}.Release|Any CPU.ActiveCfg = Release|Any CPU
		{D1338294-66EA-4BC6-8532-E6C43A47A720}.Release|Any CPU.Build.0 = Release|Any CPU
		{F2932EFC-C204-49FF-8985-943DFDB11E9A}.Debug|Any CPU.ActiveCfg = Debug|Any CPU
		{F2932EFC-C204-49FF-8985-943DFDB11E9A}.Debug|Any CPU.Build.0 = Debug|Any CPU
		{F2932EFC-C204-49FF-8985-943DFDB11E9A}.Release|Any CPU.ActiveCfg = Release|Any CPU
		{F2932EFC-C204-49FF-8985-943DFDB11E9A}.Release|Any CPU.Build.0 = Release|Any CPU
		{FAB5DD1A-D788-4651-93C4-A3393A85C3C2}.Debug|Any CPU.ActiveCfg = Debug|Any CPU
		{FAB5DD1A-D788-4651-93C4-A3393A85C3C2}.Debug|Any CPU.Build.0 = Debug|Any CPU
		{FAB5DD1A-D788-4651-93C4-A3393A85C3C2}.Release|Any CPU.ActiveCfg = Release|Any CPU
		{FAB5DD1A-D788-4651-93C4-A3393A85C3C2}.Release|Any CPU.Build.0 = Release|Any CPU
	EndGlobalSection
	GlobalSection(SolutionProperties) = preSolution
		HideSolutionNode = FALSE
	EndGlobalSection
	GlobalSection(ExtensibilityGlobals) = postSolution
		SolutionGuid = {7939BA67-73A7-4FFA-AC39-4DAD8CEE8C27}
	EndGlobalSection
EndGlobal
