
Microsoft Visual Studio Solution File, Format Version 12.00
# Visual Studio Version 16
VisualStudioVersion = 16.0.31019.35
MinimumVisualStudioVersion = 10.0.40219.1
Project("{FAE04EC0-301F-11D3-BF4B-00C04F79EFBC}") = "WindowFormApp", "WindowFormApp\WindowFormApp.csproj", "{3C3D2844-8FFC-4A89-B713-3BCE1DD20524}"
EndProject
Project("{FAE04EC0-301F-11D3-BF4B-00C04F79EFBC}") = "InputFormApp", "InputFormApp\InputFormApp.csproj", "{07145B1A-BF8F-44BC-AF8E-4C313CABABB1}"
EndProject
Global
	GlobalSection(SolutionConfigurationPlatforms) = preSolution
		Debug|Any CPU = Debug|Any CPU
		Release|Any CPU = Release|Any CPU
	EndGlobalSection
	GlobalSection(ProjectConfigurationPlatforms) = postSolution
		{3C3D2844-8FFC-4A89-B713-3BCE1DD20524}.Debug|Any CPU.ActiveCfg = Debug|Any CPU
		{3C3D2844-8FFC-4A89-B713-3BCE1DD20524}.Debug|Any CPU.Build.0 = Debug|Any CPU
		{3C3D2844-8FFC-4A89-B713-3BCE1DD20524}.Release|Any CPU.ActiveCfg = Release|Any CPU
		{3C3D2844-8FFC-4A89-B713-3BCE1DD20524}.Release|Any CPU.Build.0 = Release|Any CPU
		{07145B1A-BF8F-44BC-AF8E-4C313CABABB1}.Debug|Any CPU.ActiveCfg = Debug|Any CPU
		{07145B1A-BF8F-44BC-AF8E-4C313CABABB1}.Debug|Any CPU.Build.0 = Debug|Any CPU
		{07145B1A-BF8F-44BC-AF8E-4C313CABABB1}.Release|Any CPU.ActiveCfg = Release|Any CPU
		{07145B1A-BF8F-44BC-AF8E-4C313CABABB1}.Release|Any CPU.Build.0 = Release|Any CPU
	EndGlobalSection
	GlobalSection(SolutionProperties) = preSolution
		HideSolutionNode = FALSE
	EndGlobalSection
	GlobalSection(ExtensibilityGlobals) = postSolution
		SolutionGuid = {B6F95810-6307-485F-9F01-6A6C46C063B7}
	EndGlobalSection
EndGlobal
